
Microsoft Visual Studio Solution File, Format Version 12.00
# Visual Studio Version 16
VisualStudioVersion = 16.0.30711.63
MinimumVisualStudioVersion = 15.0.26124.0
Project("{9A19103F-16F7-4668-BE54-9A1E7A4F7556}") = "Price.Source.Worker.Service", "src\Price.Source.Worker.Service\Price.Source.Worker.Service.csproj", "{47759E18-8EFD-4207-9BC1-B267EB196396}"
EndProject
Project("{2150E333-8FDC-42A3-9474-1A3956D46DE8}") = "src", "src", "{CED0B7FD-F378-4E46-BC5A-95AB91422547}"
EndProject
Project("{2150E333-8FDC-42A3-9474-1A3956D46DE8}") = "test", "test", "{D11CCB3D-90F4-4EBA-A5F8-AB63DEAD4FDC}"
EndProject
Project("{9A19103F-16F7-4668-BE54-9A1E7A4F7556}") = "Price.Source.Worker.Service.Test", "test\Price.Source.Worker.Service.Test\Price.Source.Worker.Service.Test.csproj", "{BD2237DB-D884-4C8C-8388-ACD2E364A83A}"
EndProject
Project("{9A19103F-16F7-4668-BE54-9A1E7A4F7556}") = "Price.DataAccess.Abstractions", "src\Price.DataAccess.Abstractions\Price.DataAccess.Abstractions.csproj", "{A46DF6FD-4C8E-4E3B-9007-28DA440281E3}"
EndProject
Project("{9A19103F-16F7-4668-BE54-9A1E7A4F7556}") = "Price.DataAccess.File.Csv", "src\Price.DataAccess.File.Csv\Price.DataAccess.File.Csv.csproj", "{4EA27021-B2A7-4670-B571-963B0555BAE6}"
EndProject
Project("{9A19103F-16F7-4668-BE54-9A1E7A4F7556}") = "Price.DataAccess.File.Csv.Tests", "test\Price.DataAccess.File.Csv.Tests\Price.DataAccess.File.Csv.Tests.csproj", "{0638BB9A-8F27-43C6-8074-E8C246E8147C}"
EndProject
Project("{9A19103F-16F7-4668-BE54-9A1E7A4F7556}") = "Price.DataModel.Kafka", "src\Price.DataModel.Kafka\Price.DataModel.Kafka.csproj", "{B4BF204B-A36D-456F-BF81-BB28A48A19B3}"
EndProject
Project("{9A19103F-16F7-4668-BE54-9A1E7A4F7556}") = "Price.DataModel.Kafka.Test", "test\Price.DataModel.Kafka.Test\Price.DataModel.Kafka.Test.csproj", "{110A020A-75BF-45F8-8DBA-641634817CE5}"
EndProject
Project("{9A19103F-16F7-4668-BE54-9A1E7A4F7556}") = "Price.DataModel", "src\Price.DataModel\Price.DataModel.csproj", "{63B77130-9808-4F6C-A211-42C02A9EF096}"
EndProject
Global
	GlobalSection(SolutionConfigurationPlatforms) = preSolution
		Debug|Any CPU = Debug|Any CPU
		Debug|x64 = Debug|x64
		Debug|x86 = Debug|x86
		Release|Any CPU = Release|Any CPU
		Release|x64 = Release|x64
		Release|x86 = Release|x86
	EndGlobalSection
	GlobalSection(ProjectConfigurationPlatforms) = postSolution
		{47759E18-8EFD-4207-9BC1-B267EB196396}.Debug|Any CPU.ActiveCfg = Debug|Any CPU
		{47759E18-8EFD-4207-9BC1-B267EB196396}.Debug|Any CPU.Build.0 = Debug|Any CPU
		{47759E18-8EFD-4207-9BC1-B267EB196396}.Debug|x64.ActiveCfg = Debug|Any CPU
		{47759E18-8EFD-4207-9BC1-B267EB196396}.Debug|x64.Build.0 = Debug|Any CPU
		{47759E18-8EFD-4207-9BC1-B267EB196396}.Debug|x86.ActiveCfg = Debug|Any CPU
		{47759E18-8EFD-4207-9BC1-B267EB196396}.Debug|x86.Build.0 = Debug|Any CPU
		{47759E18-8EFD-4207-9BC1-B267EB196396}.Release|Any CPU.ActiveCfg = Release|Any CPU
		{47759E18-8EFD-4207-9BC1-B267EB196396}.Release|Any CPU.Build.0 = Release|Any CPU
		{47759E18-8EFD-4207-9BC1-B267EB196396}.Release|x64.ActiveCfg = Release|Any CPU
		{47759E18-8EFD-4207-9BC1-B267EB196396}.Release|x64.Build.0 = Release|Any CPU
		{47759E18-8EFD-4207-9BC1-B267EB196396}.Release|x86.ActiveCfg = Release|Any CPU
		{47759E18-8EFD-4207-9BC1-B267EB196396}.Release|x86.Build.0 = Release|Any CPU
		{BD2237DB-D884-4C8C-8388-ACD2E364A83A}.Debug|Any CPU.ActiveCfg = Debug|Any CPU
		{BD2237DB-D884-4C8C-8388-ACD2E364A83A}.Debug|Any CPU.Build.0 = Debug|Any CPU
		{BD2237DB-D884-4C8C-8388-ACD2E364A83A}.Debug|x64.ActiveCfg = Debug|Any CPU
		{BD2237DB-D884-4C8C-8388-ACD2E364A83A}.Debug|x64.Build.0 = Debug|Any CPU
		{BD2237DB-D884-4C8C-8388-ACD2E364A83A}.Debug|x86.ActiveCfg = Debug|Any CPU
		{BD2237DB-D884-4C8C-8388-ACD2E364A83A}.Debug|x86.Build.0 = Debug|Any CPU
		{BD2237DB-D884-4C8C-8388-ACD2E364A83A}.Release|Any CPU.ActiveCfg = Release|Any CPU
		{BD2237DB-D884-4C8C-8388-ACD2E364A83A}.Release|Any CPU.Build.0 = Release|Any CPU
		{BD2237DB-D884-4C8C-8388-ACD2E364A83A}.Release|x64.ActiveCfg = Release|Any CPU
		{BD2237DB-D884-4C8C-8388-ACD2E364A83A}.Release|x64.Build.0 = Release|Any CPU
		{BD2237DB-D884-4C8C-8388-ACD2E364A83A}.Release|x86.ActiveCfg = Release|Any CPU
		{BD2237DB-D884-4C8C-8388-ACD2E364A83A}.Release|x86.Build.0 = Release|Any CPU
		{A46DF6FD-4C8E-4E3B-9007-28DA440281E3}.Debug|Any CPU.ActiveCfg = Debug|Any CPU
		{A46DF6FD-4C8E-4E3B-9007-28DA440281E3}.Debug|Any CPU.Build.0 = Debug|Any CPU
		{A46DF6FD-4C8E-4E3B-9007-28DA440281E3}.Debug|x64.ActiveCfg = Debug|Any CPU
		{A46DF6FD-4C8E-4E3B-9007-28DA440281E3}.Debug|x64.Build.0 = Debug|Any CPU
		{A46DF6FD-4C8E-4E3B-9007-28DA440281E3}.Debug|x86.ActiveCfg = Debug|Any CPU
		{A46DF6FD-4C8E-4E3B-9007-28DA440281E3}.Debug|x86.Build.0 = Debug|Any CPU
		{A46DF6FD-4C8E-4E3B-9007-28DA440281E3}.Release|Any CPU.ActiveCfg = Release|Any CPU
		{A46DF6FD-4C8E-4E3B-9007-28DA440281E3}.Release|Any CPU.Build.0 = Release|Any CPU
		{A46DF6FD-4C8E-4E3B-9007-28DA440281E3}.Release|x64.ActiveCfg = Release|Any CPU
		{A46DF6FD-4C8E-4E3B-9007-28DA440281E3}.Release|x64.Build.0 = Release|Any CPU
		{A46DF6FD-4C8E-4E3B-9007-28DA440281E3}.Release|x86.ActiveCfg = Release|Any CPU
		{A46DF6FD-4C8E-4E3B-9007-28DA440281E3}.Release|x86.Build.0 = Release|Any CPU
		{4EA27021-B2A7-4670-B571-963B0555BAE6}.Debug|Any CPU.ActiveCfg = Debug|Any CPU
		{4EA27021-B2A7-4670-B571-963B0555BAE6}.Debug|Any CPU.Build.0 = Debug|Any CPU
		{4EA27021-B2A7-4670-B571-963B0555BAE6}.Debug|x64.ActiveCfg = Debug|Any CPU
		{4EA27021-B2A7-4670-B571-963B0555BAE6}.Debug|x64.Build.0 = Debug|Any CPU
		{4EA27021-B2A7-4670-B571-963B0555BAE6}.Debug|x86.ActiveCfg = Debug|Any CPU
		{4EA27021-B2A7-4670-B571-963B0555BAE6}.Debug|x86.Build.0 = Debug|Any CPU
		{4EA27021-B2A7-4670-B571-963B0555BAE6}.Release|Any CPU.ActiveCfg = Release|Any CPU
		{4EA27021-B2A7-4670-B571-963B0555BAE6}.Release|Any CPU.Build.0 = Release|Any CPU
		{4EA27021-B2A7-4670-B571-963B0555BAE6}.Release|x64.ActiveCfg = Release|Any CPU
		{4EA27021-B2A7-4670-B571-963B0555BAE6}.Release|x64.Build.0 = Release|Any CPU
		{4EA27021-B2A7-4670-B571-963B0555BAE6}.Release|x86.ActiveCfg = Release|Any CPU
		{4EA27021-B2A7-4670-B571-963B0555BAE6}.Release|x86.Build.0 = Release|Any CPU
		{0638BB9A-8F27-43C6-8074-E8C246E8147C}.Debug|Any CPU.ActiveCfg = Debug|Any CPU
		{0638BB9A-8F27-43C6-8074-E8C246E8147C}.Debug|Any CPU.Build.0 = Debug|Any CPU
		{0638BB9A-8F27-43C6-8074-E8C246E8147C}.Debug|x64.ActiveCfg = Debug|Any CPU
		{0638BB9A-8F27-43C6-8074-E8C246E8147C}.Debug|x64.Build.0 = Debug|Any CPU
		{0638BB9A-8F27-43C6-8074-E8C246E8147C}.Debug|x86.ActiveCfg = Debug|Any CPU
		{0638BB9A-8F27-43C6-8074-E8C246E8147C}.Debug|x86.Build.0 = Debug|Any CPU
		{0638BB9A-8F27-43C6-8074-E8C246E8147C}.Release|Any CPU.ActiveCfg = Release|Any CPU
		{0638BB9A-8F27-43C6-8074-E8C246E8147C}.Release|Any CPU.Build.0 = Release|Any CPU
		{0638BB9A-8F27-43C6-8074-E8C246E8147C}.Release|x64.ActiveCfg = Release|Any CPU
		{0638BB9A-8F27-43C6-8074-E8C246E8147C}.Release|x64.Build.0 = Release|Any CPU
		{0638BB9A-8F27-43C6-8074-E8C246E8147C}.Release|x86.ActiveCfg = Release|Any CPU
		{0638BB9A-8F27-43C6-8074-E8C246E8147C}.Release|x86.Build.0 = Release|Any CPU
		{B4BF204B-A36D-456F-BF81-BB28A48A19B3}.Debug|Any CPU.ActiveCfg = Debug|Any CPU
		{B4BF204B-A36D-456F-BF81-BB28A48A19B3}.Debug|Any CPU.Build.0 = Debug|Any CPU
		{B4BF204B-A36D-456F-BF81-BB28A48A19B3}.Debug|x64.ActiveCfg = Debug|Any CPU
		{B4BF204B-A36D-456F-BF81-BB28A48A19B3}.Debug|x64.Build.0 = Debug|Any CPU
		{B4BF204B-A36D-456F-BF81-BB28A48A19B3}.Debug|x86.ActiveCfg = Debug|Any CPU
		{B4BF204B-A36D-456F-BF81-BB28A48A19B3}.Debug|x86.Build.0 = Debug|Any CPU
		{B4BF204B-A36D-456F-BF81-BB28A48A19B3}.Release|Any CPU.ActiveCfg = Release|Any CPU
		{B4BF204B-A36D-456F-BF81-BB28A48A19B3}.Release|Any CPU.Build.0 = Release|Any CPU
		{B4BF204B-A36D-456F-BF81-BB28A48A19B3}.Release|x64.ActiveCfg = Release|Any CPU
		{B4BF204B-A36D-456F-BF81-BB28A48A19B3}.Release|x64.Build.0 = Release|Any CPU
		{B4BF204B-A36D-456F-BF81-BB28A48A19B3}.Release|x86.ActiveCfg = Release|Any CPU
		{B4BF204B-A36D-456F-BF81-BB28A48A19B3}.Release|x86.Build.0 = Release|Any CPU
		{110A020A-75BF-45F8-8DBA-641634817CE5}.Debug|Any CPU.ActiveCfg = Debug|Any CPU
		{110A020A-75BF-45F8-8DBA-641634817CE5}.Debug|Any CPU.Build.0 = Debug|Any CPU
		{110A020A-75BF-45F8-8DBA-641634817CE5}.Debug|x64.ActiveCfg = Debug|Any CPU
		{110A020A-75BF-45F8-8DBA-641634817CE5}.Debug|x64.Build.0 = Debug|Any CPU
		{110A020A-75BF-45F8-8DBA-641634817CE5}.Debug|x86.ActiveCfg = Debug|Any CPU
		{110A020A-75BF-45F8-8DBA-641634817CE5}.Debug|x86.Build.0 = Debug|Any CPU
		{110A020A-75BF-45F8-8DBA-641634817CE5}.Release|Any CPU.ActiveCfg = Release|Any CPU
		{110A020A-75BF-45F8-8DBA-641634817CE5}.Release|Any CPU.Build.0 = Release|Any CPU
		{110A020A-75BF-45F8-8DBA-641634817CE5}.Release|x64.ActiveCfg = Release|Any CPU
		{110A020A-75BF-45F8-8DBA-641634817CE5}.Release|x64.Build.0 = Release|Any CPU
		{110A020A-75BF-45F8-8DBA-641634817CE5}.Release|x86.ActiveCfg = Release|Any CPU
		{110A020A-75BF-45F8-8DBA-641634817CE5}.Release|x86.Build.0 = Release|Any CPU
		{63B77130-9808-4F6C-A211-42C02A9EF096}.Debug|Any CPU.ActiveCfg = Debug|Any CPU
		{63B77130-9808-4F6C-A211-42C02A9EF096}.Debug|Any CPU.Build.0 = Debug|Any CPU
		{63B77130-9808-4F6C-A211-42C02A9EF096}.Debug|x64.ActiveCfg = Debug|Any CPU
		{63B77130-9808-4F6C-A211-42C02A9EF096}.Debug|x64.Build.0 = Debug|Any CPU
		{63B77130-9808-4F6C-A211-42C02A9EF096}.Debug|x86.ActiveCfg = Debug|Any CPU
		{63B77130-9808-4F6C-A211-42C02A9EF096}.Debug|x86.Build.0 = Debug|Any CPU
		{63B77130-9808-4F6C-A211-42C02A9EF096}.Release|Any CPU.ActiveCfg = Release|Any CPU
		{63B77130-9808-4F6C-A211-42C02A9EF096}.Release|Any CPU.Build.0 = Release|Any CPU
		{63B77130-9808-4F6C-A211-42C02A9EF096}.Release|x64.ActiveCfg = Release|Any CPU
		{63B77130-9808-4F6C-A211-42C02A9EF096}.Release|x64.Build.0 = Release|Any CPU
		{63B77130-9808-4F6C-A211-42C02A9EF096}.Release|x86.ActiveCfg = Release|Any CPU
		{63B77130-9808-4F6C-A211-42C02A9EF096}.Release|x86.Build.0 = Release|Any CPU
	EndGlobalSection
	GlobalSection(SolutionProperties) = preSolution
		HideSolutionNode = FALSE
	EndGlobalSection
	GlobalSection(NestedProjects) = preSolution
		{47759E18-8EFD-4207-9BC1-B267EB196396} = {CED0B7FD-F378-4E46-BC5A-95AB91422547}
		{BD2237DB-D884-4C8C-8388-ACD2E364A83A} = {D11CCB3D-90F4-4EBA-A5F8-AB63DEAD4FDC}
		{A46DF6FD-4C8E-4E3B-9007-28DA440281E3} = {CED0B7FD-F378-4E46-BC5A-95AB91422547}
		{4EA27021-B2A7-4670-B571-963B0555BAE6} = {CED0B7FD-F378-4E46-BC5A-95AB91422547}
		{0638BB9A-8F27-43C6-8074-E8C246E8147C} = {D11CCB3D-90F4-4EBA-A5F8-AB63DEAD4FDC}
		{B4BF204B-A36D-456F-BF81-BB28A48A19B3} = {CED0B7FD-F378-4E46-BC5A-95AB91422547}
		{110A020A-75BF-45F8-8DBA-641634817CE5} = {D11CCB3D-90F4-4EBA-A5F8-AB63DEAD4FDC}
		{63B77130-9808-4F6C-A211-42C02A9EF096} = {CED0B7FD-F378-4E46-BC5A-95AB91422547}
	EndGlobalSection
	GlobalSection(ExtensibilityGlobals) = postSolution
		SolutionGuid = {E499C759-FAE3-45C6-888D-46A597579CA7}
	EndGlobalSection
EndGlobal
